---
# This playbook uses blocks and conditionals 
- hosts: all
  remote_user: root
  tasks:
    - name: Install and start Apache
      block:
      - name: install httpd 
        yum: name=httpd state=present

      - name: start service and enable it
        service: name=httpd state=started enabled=True
      when: ansible_facts['distribution'] == 'CentOS'
      ignore_errors: yes